
Microsoft Visual Studio Solution File, Format Version 12.00
# Visual Studio Version 17
VisualStudioVersion = 17.7.34024.191
MinimumVisualStudioVersion = 10.0.40219.1
Project("{9A19103F-16F7-4668-BE54-9A1E7A4F7556}") = "EnvironmentTweaker", "EnvironmentTweaker\EnvironmentTweaker.csproj", "{C3DFAD85-F052-447D-B4CC-7A753C044D6A}"
EndProject
Project("{9A19103F-16F7-4668-BE54-9A1E7A4F7556}") = "EnvironmentTweakerConsole", "EnvironmentTweakerConsole\EnvironmentTweakerConsole.csproj", "{A478050E-D3A8-401D-9B77-F4C0A5DF5D4E}"
EndProject
Project("{8BC9CEB8-8B4A-11D0-8D11-00A0C91BC942}") = "EnvironmentTweakerNativeCPP", "build\src\EnvironmentTweakerNative.vcxproj", "{E76EA0EE-5C7E-32EF-B246-D4E845E8A761}"
EndProject
Project("{9A19103F-16F7-4668-BE54-9A1E7A4F7556}") = "EnvironmentTweakerNativeCS", "EnvironmentTweakerNative\csharp\EnvironmentTweakerNativeCS.csproj", "{35119569-486F-49A9-8D09-B57CED40F0EC}"
EndProject
Global
	GlobalSection(SolutionConfigurationPlatforms) = preSolution
		Debug|Any CPU = Debug|Any CPU
		Debug|x64 = Debug|x64
		MinSizeRel|Any CPU = MinSizeRel|Any CPU
		MinSizeRel|x64 = MinSizeRel|x64
		Release|Any CPU = Release|Any CPU
		Release|x64 = Release|x64
		RelWithDebInfo|Any CPU = RelWithDebInfo|Any CPU
		RelWithDebInfo|x64 = RelWithDebInfo|x64
	EndGlobalSection
	GlobalSection(ProjectConfigurationPlatforms) = postSolution
		{C3DFAD85-F052-447D-B4CC-7A753C044D6A}.Debug|Any CPU.ActiveCfg = Debug|Any CPU
		{C3DFAD85-F052-447D-B4CC-7A753C044D6A}.Debug|Any CPU.Build.0 = Debug|Any CPU
		{C3DFAD85-F052-447D-B4CC-7A753C044D6A}.Debug|x64.ActiveCfg = Debug|Any CPU
		{C3DFAD85-F052-447D-B4CC-7A753C044D6A}.Debug|x64.Build.0 = Debug|Any CPU
		{C3DFAD85-F052-447D-B4CC-7A753C044D6A}.MinSizeRel|Any CPU.ActiveCfg = Release|Any CPU
		{C3DFAD85-F052-447D-B4CC-7A753C044D6A}.MinSizeRel|Any CPU.Build.0 = Release|Any CPU
		{C3DFAD85-F052-447D-B4CC-7A753C044D6A}.MinSizeRel|x64.ActiveCfg = Release|Any CPU
		{C3DFAD85-F052-447D-B4CC-7A753C044D6A}.MinSizeRel|x64.Build.0 = Release|Any CPU
		{C3DFAD85-F052-447D-B4CC-7A753C044D6A}.Release|Any CPU.ActiveCfg = Release|Any CPU
		{C3DFAD85-F052-447D-B4CC-7A753C044D6A}.Release|Any CPU.Build.0 = Release|Any CPU
		{C3DFAD85-F052-447D-B4CC-7A753C044D6A}.Release|x64.ActiveCfg = Release|Any CPU
		{C3DFAD85-F052-447D-B4CC-7A753C044D6A}.Release|x64.Build.0 = Release|Any CPU
		{C3DFAD85-F052-447D-B4CC-7A753C044D6A}.RelWithDebInfo|Any CPU.ActiveCfg = Release|Any CPU
		{C3DFAD85-F052-447D-B4CC-7A753C044D6A}.RelWithDebInfo|Any CPU.Build.0 = Release|Any CPU
		{C3DFAD85-F052-447D-B4CC-7A753C044D6A}.RelWithDebInfo|x64.ActiveCfg = Release|Any CPU
		{C3DFAD85-F052-447D-B4CC-7A753C044D6A}.RelWithDebInfo|x64.Build.0 = Release|Any CPU
		{A478050E-D3A8-401D-9B77-F4C0A5DF5D4E}.Debug|Any CPU.ActiveCfg = Debug|Any CPU
		{A478050E-D3A8-401D-9B77-F4C0A5DF5D4E}.Debug|Any CPU.Build.0 = Debug|Any CPU
		{A478050E-D3A8-401D-9B77-F4C0A5DF5D4E}.Debug|x64.ActiveCfg = Debug|Any CPU
		{A478050E-D3A8-401D-9B77-F4C0A5DF5D4E}.Debug|x64.Build.0 = Debug|Any CPU
		{A478050E-D3A8-401D-9B77-F4C0A5DF5D4E}.MinSizeRel|Any CPU.ActiveCfg = Release|Any CPU
		{A478050E-D3A8-401D-9B77-F4C0A5DF5D4E}.MinSizeRel|Any CPU.Build.0 = Release|Any CPU
		{A478050E-D3A8-401D-9B77-F4C0A5DF5D4E}.MinSizeRel|x64.ActiveCfg = Release|Any CPU
		{A478050E-D3A8-401D-9B77-F4C0A5DF5D4E}.MinSizeRel|x64.Build.0 = Release|Any CPU
		{A478050E-D3A8-401D-9B77-F4C0A5DF5D4E}.Release|Any CPU.ActiveCfg = Release|Any CPU
		{A478050E-D3A8-401D-9B77-F4C0A5DF5D4E}.Release|Any CPU.Build.0 = Release|Any CPU
		{A478050E-D3A8-401D-9B77-F4C0A5DF5D4E}.Release|x64.ActiveCfg = Release|Any CPU
		{A478050E-D3A8-401D-9B77-F4C0A5DF5D4E}.Release|x64.Build.0 = Release|Any CPU
		{A478050E-D3A8-401D-9B77-F4C0A5DF5D4E}.RelWithDebInfo|Any CPU.ActiveCfg = Release|Any CPU
		{A478050E-D3A8-401D-9B77-F4C0A5DF5D4E}.RelWithDebInfo|Any CPU.Build.0 = Release|Any CPU
		{A478050E-D3A8-401D-9B77-F4C0A5DF5D4E}.RelWithDebInfo|x64.ActiveCfg = Release|Any CPU
		{A478050E-D3A8-401D-9B77-F4C0A5DF5D4E}.RelWithDebInfo|x64.Build.0 = Release|Any CPU
		{E76EA0EE-5C7E-32EF-B246-D4E845E8A761}.Debug|Any CPU.ActiveCfg = Debug|x64
		{E76EA0EE-5C7E-32EF-B246-D4E845E8A761}.Debug|Any CPU.Build.0 = Debug|x64
		{E76EA0EE-5C7E-32EF-B246-D4E845E8A761}.Debug|x64.ActiveCfg = Debug|x64
		{E76EA0EE-5C7E-32EF-B246-D4E845E8A761}.Debug|x64.Build.0 = Debug|x64
		{E76EA0EE-5C7E-32EF-B246-D4E845E8A761}.MinSizeRel|Any CPU.ActiveCfg = MinSizeRel|x64
		{E76EA0EE-5C7E-32EF-B246-D4E845E8A761}.MinSizeRel|Any CPU.Build.0 = MinSizeRel|x64
		{E76EA0EE-5C7E-32EF-B246-D4E845E8A761}.MinSizeRel|x64.ActiveCfg = MinSizeRel|x64
		{E76EA0EE-5C7E-32EF-B246-D4E845E8A761}.MinSizeRel|x64.Build.0 = MinSizeRel|x64
		{E76EA0EE-5C7E-32EF-B246-D4E845E8A761}.Release|Any CPU.ActiveCfg = Release|x64
		{E76EA0EE-5C7E-32EF-B246-D4E845E8A761}.Release|Any CPU.Build.0 = Release|x64
		{E76EA0EE-5C7E-32EF-B246-D4E845E8A761}.Release|x64.ActiveCfg = Release|x64
		{E76EA0EE-5C7E-32EF-B246-D4E845E8A761}.Release|x64.Build.0 = Release|x64
		{E76EA0EE-5C7E-32EF-B246-D4E845E8A761}.RelWithDebInfo|Any CPU.ActiveCfg = RelWithDebInfo|x64
		{E76EA0EE-5C7E-32EF-B246-D4E845E8A761}.RelWithDebInfo|Any CPU.Build.0 = RelWithDebInfo|x64
		{E76EA0EE-5C7E-32EF-B246-D4E845E8A761}.RelWithDebInfo|x64.ActiveCfg = RelWithDebInfo|x64
		{E76EA0EE-5C7E-32EF-B246-D4E845E8A761}.RelWithDebInfo|x64.Build.0 = RelWithDebInfo|x64
		{35119569-486F-49A9-8D09-B57CED40F0EC}.Debug|Any CPU.ActiveCfg = Debug|Any CPU
		{35119569-486F-49A9-8D09-B57CED40F0EC}.Debug|Any CPU.Build.0 = Debug|Any CPU
		{35119569-486F-49A9-8D09-B57CED40F0EC}.Debug|x64.ActiveCfg = Debug|Any CPU
		{35119569-486F-49A9-8D09-B57CED40F0EC}.Debug|x64.Build.0 = Debug|Any CPU
		{35119569-486F-49A9-8D09-B57CED40F0EC}.MinSizeRel|Any CPU.ActiveCfg = Debug|Any CPU
		{35119569-486F-49A9-8D09-B57CED40F0EC}.MinSizeRel|Any CPU.Build.0 = Debug|Any CPU
		{35119569-486F-49A9-8D09-B57CED40F0EC}.MinSizeRel|x64.ActiveCfg = Debug|Any CPU
		{35119569-486F-49A9-8D09-B57CED40F0EC}.MinSizeRel|x64.Build.0 = Debug|Any CPU
		{35119569-486F-49A9-8D09-B57CED40F0EC}.Release|Any CPU.ActiveCfg = Release|Any CPU
		{35119569-486F-49A9-8D09-B57CED40F0EC}.Release|Any CPU.Build.0 = Release|Any CPU
		{35119569-486F-49A9-8D09-B57CED40F0EC}.Release|x64.ActiveCfg = Release|Any CPU
		{35119569-486F-49A9-8D09-B57CED40F0EC}.Release|x64.Build.0 = Release|Any CPU
		{35119569-486F-49A9-8D09-B57CED40F0EC}.RelWithDebInfo|Any CPU.ActiveCfg = Release|Any CPU
		{35119569-486F-49A9-8D09-B57CED40F0EC}.RelWithDebInfo|Any CPU.Build.0 = Release|Any CPU
		{35119569-486F-49A9-8D09-B57CED40F0EC}.RelWithDebInfo|x64.ActiveCfg = Release|Any CPU
		{35119569-486F-49A9-8D09-B57CED40F0EC}.RelWithDebInfo|x64.Build.0 = Release|Any CPU
	EndGlobalSection
	GlobalSection(SolutionProperties) = preSolution
		HideSolutionNode = FALSE
	EndGlobalSection
	GlobalSection(ExtensibilityGlobals) = postSolution
		SolutionGuid = {03D4A4A8-5F97-4810-9250-C9619C01B33C}
	EndGlobalSection
EndGlobal
